// !$*UTF8*$!
{
	archiveVersion = 1;
	classes = {
	};
	objectVersion = 50;
	objects = {

/* Begin PBXBuildFile section */
		CECB824E248D52CD002D6DC0 /* AppDelegate.swift in Sources */ = {isa = PBXBuildFile; fileRef = CECB824D248D52CD002D6DC0 /* AppDelegate.swift */; };
		CECB8250248D52CD002D6DC0 /* SceneDelegate.swift in Sources */ = {isa = PBXBuildFile; fileRef = CECB824F248D52CD002D6DC0 /* SceneDelegate.swift */; };
		CECB8252248D52CD002D6DC0 /* ViewController.swift in Sources */ = {isa = PBXBuildFile; fileRef = CECB8251248D52CD002D6DC0 /* ViewController.swift */; };
		CECB8257248D52CE002D6DC0 /* Assets.xcassets in Resources */ = {isa = PBXBuildFile; fileRef = CECB8256248D52CE002D6DC0 /* Assets.xcassets */; };
		CECB825A248D52CE002D6DC0 /* LaunchScreen.storyboard in Resources */ = {isa = PBXBuildFile; fileRef = CECB8258248D52CE002D6DC0 /* LaunchScreen.storyboard */; };
		CECB8265248D52CE002D6DC0 /* RedditDemoTests.swift in Sources */ = {isa = PBXBuildFile; fileRef = CECB8264248D52CE002D6DC0 /* RedditDemoTests.swift */; };
		CECB8277248D5679002D6DC0 /* PostListInterfaces.swift in Sources */ = {isa = PBXBuildFile; fileRef = CECB8272248D5679002D6DC0 /* PostListInterfaces.swift */; };
		CECB8278248D5679002D6DC0 /* PostListPresenter.swift in Sources */ = {isa = PBXBuildFile; fileRef = CECB8273248D5679002D6DC0 /* PostListPresenter.swift */; };
		CECB8279248D5679002D6DC0 /* PostListViewController.swift in Sources */ = {isa = PBXBuildFile; fileRef = CECB8274248D5679002D6DC0 /* PostListViewController.swift */; };
		CECB827A248D5679002D6DC0 /* PostListInteractor.swift in Sources */ = {isa = PBXBuildFile; fileRef = CECB8275248D5679002D6DC0 /* PostListInteractor.swift */; };
		CECB827B248D5679002D6DC0 /* PostListWireframe.swift in Sources */ = {isa = PBXBuildFile; fileRef = CECB8276248D5679002D6DC0 /* PostListWireframe.swift */; };
		CECB8281248D568C002D6DC0 /* PostLDetailInterfaces.swift in Sources */ = {isa = PBXBuildFile; fileRef = CECB827C248D568C002D6DC0 /* PostLDetailInterfaces.swift */; };
		CECB8282248D568C002D6DC0 /* PostLDetailPresenter.swift in Sources */ = {isa = PBXBuildFile; fileRef = CECB827D248D568C002D6DC0 /* PostLDetailPresenter.swift */; };
		CECB8283248D568C002D6DC0 /* PostLDetailViewController.swift in Sources */ = {isa = PBXBuildFile; fileRef = CECB827E248D568C002D6DC0 /* PostLDetailViewController.swift */; };
		CECB8284248D568C002D6DC0 /* PostLDetailInteractor.swift in Sources */ = {isa = PBXBuildFile; fileRef = CECB827F248D568C002D6DC0 /* PostLDetailInteractor.swift */; };
		CECB8285248D568C002D6DC0 /* PostLDetailWireframe.swift in Sources */ = {isa = PBXBuildFile; fileRef = CECB8280248D568C002D6DC0 /* PostLDetailWireframe.swift */; };
		CECB828D248D56EF002D6DC0 /* InteractorInterface.swift in Sources */ = {isa = PBXBuildFile; fileRef = CECB8287248D56EF002D6DC0 /* InteractorInterface.swift */; };
		CECB828F248D56EF002D6DC0 /* FormatterInterface.swift in Sources */ = {isa = PBXBuildFile; fileRef = CECB8289248D56EF002D6DC0 /* FormatterInterface.swift */; };
		CECB8290248D56EF002D6DC0 /* BaseWireframe.swift in Sources */ = {isa = PBXBuildFile; fileRef = CECB828A248D56EF002D6DC0 /* BaseWireframe.swift */; };
		CECB8291248D56EF002D6DC0 /* PresenterInterface.swift in Sources */ = {isa = PBXBuildFile; fileRef = CECB828B248D56EF002D6DC0 /* PresenterInterface.swift */; };
		CECB8292248D56EF002D6DC0 /* ViewInterface.swift in Sources */ = {isa = PBXBuildFile; fileRef = CECB828C248D56EF002D6DC0 /* ViewInterface.swift */; };
		CECB8295248D582F002D6DC0 /* RedditNavigationController.swift in Sources */ = {isa = PBXBuildFile; fileRef = CECB8294248D582F002D6DC0 /* RedditNavigationController.swift */; };
		CECB8299248D5B8A002D6DC0 /* RedditClient.swift in Sources */ = {isa = PBXBuildFile; fileRef = CECB8298248D5B8A002D6DC0 /* RedditClient.swift */; };
		CECB829B248D5C63002D6DC0 /* NetworkClientResource.swift in Sources */ = {isa = PBXBuildFile; fileRef = CECB829A248D5C63002D6DC0 /* NetworkClientResource.swift */; };
		CECB829E248D5DF6002D6DC0 /* URLRequest+NetworkClient.Resource.swift in Sources */ = {isa = PBXBuildFile; fileRef = CECB829D248D5DF6002D6DC0 /* URLRequest+NetworkClient.Resource.swift */; };
		CECB82A2248D6078002D6DC0 /* RedditDataWrapper.swift in Sources */ = {isa = PBXBuildFile; fileRef = CECB82A1248D6078002D6DC0 /* RedditDataWrapper.swift */; };
/* End PBXBuildFile section */

/* Begin PBXContainerItemProxy section */
		CECB8261248D52CE002D6DC0 /* PBXContainerItemProxy */ = {
			isa = PBXContainerItemProxy;
			containerPortal = CECB8242248D52CD002D6DC0 /* Project object */;
			proxyType = 1;
			remoteGlobalIDString = CECB8249248D52CD002D6DC0;
			remoteInfo = RedditDemo;
		};
/* End PBXContainerItemProxy section */

/* Begin PBXFileReference section */
		CECB824A248D52CD002D6DC0 /* RedditDemo.app */ = {isa = PBXFileReference; explicitFileType = wrapper.application; includeInIndex = 0; path = RedditDemo.app; sourceTree = BUILT_PRODUCTS_DIR; };
		CECB824D248D52CD002D6DC0 /* AppDelegate.swift */ = {isa = PBXFileReference; lastKnownFileType = sourcecode.swift; path = AppDelegate.swift; sourceTree = "<group>"; };
		CECB824F248D52CD002D6DC0 /* SceneDelegate.swift */ = {isa = PBXFileReference; lastKnownFileType = sourcecode.swift; path = SceneDelegate.swift; sourceTree = "<group>"; };
		CECB8251248D52CD002D6DC0 /* ViewController.swift */ = {isa = PBXFileReference; lastKnownFileType = sourcecode.swift; path = ViewController.swift; sourceTree = "<group>"; };
		CECB8256248D52CE002D6DC0 /* Assets.xcassets */ = {isa = PBXFileReference; lastKnownFileType = folder.assetcatalog; path = Assets.xcassets; sourceTree = "<group>"; };
		CECB8259248D52CE002D6DC0 /* Base */ = {isa = PBXFileReference; lastKnownFileType = file.storyboard; name = Base; path = Base.lproj/LaunchScreen.storyboard; sourceTree = "<group>"; };
		CECB825B248D52CE002D6DC0 /* Info.plist */ = {isa = PBXFileReference; lastKnownFileType = text.plist.xml; path = Info.plist; sourceTree = "<group>"; };
		CECB8260248D52CE002D6DC0 /* RedditDemoTests.xctest */ = {isa = PBXFileReference; explicitFileType = wrapper.cfbundle; includeInIndex = 0; path = RedditDemoTests.xctest; sourceTree = BUILT_PRODUCTS_DIR; };
		CECB8264248D52CE002D6DC0 /* RedditDemoTests.swift */ = {isa = PBXFileReference; lastKnownFileType = sourcecode.swift; path = RedditDemoTests.swift; sourceTree = "<group>"; };
		CECB8266248D52CE002D6DC0 /* Info.plist */ = {isa = PBXFileReference; lastKnownFileType = text.plist.xml; path = Info.plist; sourceTree = "<group>"; };
		CECB8272248D5679002D6DC0 /* PostListInterfaces.swift */ = {isa = PBXFileReference; lastKnownFileType = sourcecode.swift; path = PostListInterfaces.swift; sourceTree = "<group>"; };
		CECB8273248D5679002D6DC0 /* PostListPresenter.swift */ = {isa = PBXFileReference; lastKnownFileType = sourcecode.swift; path = PostListPresenter.swift; sourceTree = "<group>"; };
		CECB8274248D5679002D6DC0 /* PostListViewController.swift */ = {isa = PBXFileReference; lastKnownFileType = sourcecode.swift; path = PostListViewController.swift; sourceTree = "<group>"; };
		CECB8275248D5679002D6DC0 /* PostListInteractor.swift */ = {isa = PBXFileReference; lastKnownFileType = sourcecode.swift; path = PostListInteractor.swift; sourceTree = "<group>"; };
		CECB8276248D5679002D6DC0 /* PostListWireframe.swift */ = {isa = PBXFileReference; lastKnownFileType = sourcecode.swift; path = PostListWireframe.swift; sourceTree = "<group>"; };
		CECB827C248D568C002D6DC0 /* PostLDetailInterfaces.swift */ = {isa = PBXFileReference; lastKnownFileType = sourcecode.swift; path = PostLDetailInterfaces.swift; sourceTree = "<group>"; };
		CECB827D248D568C002D6DC0 /* PostLDetailPresenter.swift */ = {isa = PBXFileReference; lastKnownFileType = sourcecode.swift; path = PostLDetailPresenter.swift; sourceTree = "<group>"; };
		CECB827E248D568C002D6DC0 /* PostLDetailViewController.swift */ = {isa = PBXFileReference; lastKnownFileType = sourcecode.swift; path = PostLDetailViewController.swift; sourceTree = "<group>"; };
		CECB827F248D568C002D6DC0 /* PostLDetailInteractor.swift */ = {isa = PBXFileReference; lastKnownFileType = sourcecode.swift; path = PostLDetailInteractor.swift; sourceTree = "<group>"; };
		CECB8280248D568C002D6DC0 /* PostLDetailWireframe.swift */ = {isa = PBXFileReference; lastKnownFileType = sourcecode.swift; path = PostLDetailWireframe.swift; sourceTree = "<group>"; };
		CECB8287248D56EF002D6DC0 /* InteractorInterface.swift */ = {isa = PBXFileReference; fileEncoding = 4; lastKnownFileType = sourcecode.swift; path = InteractorInterface.swift; sourceTree = "<group>"; };
		CECB8289248D56EF002D6DC0 /* FormatterInterface.swift */ = {isa = PBXFileReference; fileEncoding = 4; lastKnownFileType = sourcecode.swift; path = FormatterInterface.swift; sourceTree = "<group>"; };
		CECB828A248D56EF002D6DC0 /* BaseWireframe.swift */ = {isa = PBXFileReference; fileEncoding = 4; lastKnownFileType = sourcecode.swift; path = BaseWireframe.swift; sourceTree = "<group>"; };
		CECB828B248D56EF002D6DC0 /* PresenterInterface.swift */ = {isa = PBXFileReference; fileEncoding = 4; lastKnownFileType = sourcecode.swift; path = PresenterInterface.swift; sourceTree = "<group>"; };
		CECB828C248D56EF002D6DC0 /* ViewInterface.swift */ = {isa = PBXFileReference; fileEncoding = 4; lastKnownFileType = sourcecode.swift; path = ViewInterface.swift; sourceTree = "<group>"; };
		CECB8294248D582F002D6DC0 /* RedditNavigationController.swift */ = {isa = PBXFileReference; lastKnownFileType = sourcecode.swift; path = RedditNavigationController.swift; sourceTree = "<group>"; };
		CECB8298248D5B8A002D6DC0 /* RedditClient.swift */ = {isa = PBXFileReference; lastKnownFileType = sourcecode.swift; path = RedditClient.swift; sourceTree = "<group>"; };
		CECB829A248D5C63002D6DC0 /* NetworkClientResource.swift */ = {isa = PBXFileReference; lastKnownFileType = sourcecode.swift; path = NetworkClientResource.swift; sourceTree = "<group>"; };
		CECB829D248D5DF6002D6DC0 /* URLRequest+NetworkClient.Resource.swift */ = {isa = PBXFileReference; lastKnownFileType = sourcecode.swift; path = "URLRequest+NetworkClient.Resource.swift"; sourceTree = "<group>"; };
		CECB82A1248D6078002D6DC0 /* RedditDataWrapper.swift */ = {isa = PBXFileReference; lastKnownFileType = sourcecode.swift; path = RedditDataWrapper.swift; sourceTree = "<group>"; };
/* End PBXFileReference section */

/* Begin PBXFrameworksBuildPhase section */
		CECB8247248D52CD002D6DC0 /* Frameworks */ = {
			isa = PBXFrameworksBuildPhase;
			buildActionMask = 2147483647;
			files = (
			);
			runOnlyForDeploymentPostprocessing = 0;
		};
		CECB825D248D52CE002D6DC0 /* Frameworks */ = {
			isa = PBXFrameworksBuildPhase;
			buildActionMask = 2147483647;
			files = (
			);
			runOnlyForDeploymentPostprocessing = 0;
		};
/* End PBXFrameworksBuildPhase section */

/* Begin PBXGroup section */
		CECB8241248D52CD002D6DC0 = {
			isa = PBXGroup;
			children = (
				CECB824C248D52CD002D6DC0 /* RedditDemo */,
				CECB8263248D52CE002D6DC0 /* RedditDemoTests */,
				CECB824B248D52CD002D6DC0 /* Products */,
			);
			sourceTree = "<group>";
		};
		CECB824B248D52CD002D6DC0 /* Products */ = {
			isa = PBXGroup;
			children = (
				CECB824A248D52CD002D6DC0 /* RedditDemo.app */,
				CECB8260248D52CE002D6DC0 /* RedditDemoTests.xctest */,
			);
			name = Products;
			sourceTree = "<group>";
		};
		CECB824C248D52CD002D6DC0 /* RedditDemo */ = {
			isa = PBXGroup;
			children = (
				CECB829C248D5DDD002D6DC0 /* Utils */,
				CECB8296248D5B30002D6DC0 /* Core */,
				CECB826F248D563E002D6DC0 /* Modules */,
				CECB824D248D52CD002D6DC0 /* AppDelegate.swift */,
				CECB824F248D52CD002D6DC0 /* SceneDelegate.swift */,
				CECB8251248D52CD002D6DC0 /* ViewController.swift */,
				CECB8256248D52CE002D6DC0 /* Assets.xcassets */,
				CECB8258248D52CE002D6DC0 /* LaunchScreen.storyboard */,
				CECB825B248D52CE002D6DC0 /* Info.plist */,
			);
			path = RedditDemo;
			sourceTree = "<group>";
		};
		CECB8263248D52CE002D6DC0 /* RedditDemoTests */ = {
			isa = PBXGroup;
			children = (
				CECB8264248D52CE002D6DC0 /* RedditDemoTests.swift */,
				CECB8266248D52CE002D6DC0 /* Info.plist */,
			);
			path = RedditDemoTests;
			sourceTree = "<group>";
		};
		CECB826F248D563E002D6DC0 /* Modules */ = {
			isa = PBXGroup;
			children = (
				CECB8286248D56BD002D6DC0 /* Base */,
				CECB8271248D5659002D6DC0 /* PostDetail */,
				CECB8270248D5646002D6DC0 /* PostList */,
			);
			path = Modules;
			sourceTree = "<group>";
		};
		CECB8270248D5646002D6DC0 /* PostList */ = {
			isa = PBXGroup;
			children = (
				CECB8272248D5679002D6DC0 /* PostListInterfaces.swift */,
				CECB8273248D5679002D6DC0 /* PostListPresenter.swift */,
				CECB8274248D5679002D6DC0 /* PostListViewController.swift */,
				CECB8275248D5679002D6DC0 /* PostListInteractor.swift */,
				CECB8276248D5679002D6DC0 /* PostListWireframe.swift */,
			);
			path = PostList;
			sourceTree = "<group>";
		};
		CECB8271248D5659002D6DC0 /* PostDetail */ = {
			isa = PBXGroup;
			children = (
				CECB827C248D568C002D6DC0 /* PostLDetailInterfaces.swift */,
				CECB827D248D568C002D6DC0 /* PostLDetailPresenter.swift */,
				CECB827E248D568C002D6DC0 /* PostLDetailViewController.swift */,
				CECB827F248D568C002D6DC0 /* PostLDetailInteractor.swift */,
				CECB8280248D568C002D6DC0 /* PostLDetailWireframe.swift */,
			);
			path = PostDetail;
			sourceTree = "<group>";
		};
		CECB8286248D56BD002D6DC0 /* Base */ = {
			isa = PBXGroup;
			children = (
				CECB8293248D5814002D6DC0 /* Utils */,
				CECB828A248D56EF002D6DC0 /* BaseWireframe.swift */,
				CECB8289248D56EF002D6DC0 /* FormatterInterface.swift */,
				CECB8287248D56EF002D6DC0 /* InteractorInterface.swift */,
				CECB828B248D56EF002D6DC0 /* PresenterInterface.swift */,
				CECB828C248D56EF002D6DC0 /* ViewInterface.swift */,
			);
			path = Base;
			sourceTree = "<group>";
		};
		CECB8293248D5814002D6DC0 /* Utils */ = {
			isa = PBXGroup;
			children = (
				CECB8294248D582F002D6DC0 /* RedditNavigationController.swift */,
			);
			path = Utils;
			sourceTree = "<group>";
		};
		CECB8296248D5B30002D6DC0 /* Core */ = {
			isa = PBXGroup;
			children = (
				CECB82A0248D605C002D6DC0 /* Model */,
				CECB8297248D5B3D002D6DC0 /* NetworkManager */,
			);
			path = Core;
			sourceTree = "<group>";
		};
		CECB8297248D5B3D002D6DC0 /* NetworkManager */ = {
			isa = PBXGroup;
			children = (
				CECB8298248D5B8A002D6DC0 /* RedditClient.swift */,
				CECB829A248D5C63002D6DC0 /* NetworkClientResource.swift */,
			);
			path = NetworkManager;
			sourceTree = "<group>";
		};
		CECB829C248D5DDD002D6DC0 /* Utils */ = {
			isa = PBXGroup;
			children = (
				CECB829D248D5DF6002D6DC0 /* URLRequest+NetworkClient.Resource.swift */,
			);
			path = Utils;
			sourceTree = "<group>";
		};
		CECB82A0248D605C002D6DC0 /* Model */ = {
			isa = PBXGroup;
			children = (
				CECB82A1248D6078002D6DC0 /* RedditDataWrapper.swift */,
			);
			path = Model;
			sourceTree = "<group>";
		};
/* End PBXGroup section */

/* Begin PBXNativeTarget section */
		CECB8249248D52CD002D6DC0 /* RedditDemo */ = {
			isa = PBXNativeTarget;
			buildConfigurationList = CECB8269248D52CE002D6DC0 /* Build configuration list for PBXNativeTarget "RedditDemo" */;
			buildPhases = (
				CECB8246248D52CD002D6DC0 /* Sources */,
				CECB8247248D52CD002D6DC0 /* Frameworks */,
				CECB8248248D52CD002D6DC0 /* Resources */,
			);
			buildRules = (
			);
			dependencies = (
			);
			name = RedditDemo;
			productName = RedditDemo;
			productReference = CECB824A248D52CD002D6DC0 /* RedditDemo.app */;
			productType = "com.apple.product-type.application";
		};
		CECB825F248D52CE002D6DC0 /* RedditDemoTests */ = {
			isa = PBXNativeTarget;
			buildConfigurationList = CECB826C248D52CE002D6DC0 /* Build configuration list for PBXNativeTarget "RedditDemoTests" */;
			buildPhases = (
				CECB825C248D52CE002D6DC0 /* Sources */,
				CECB825D248D52CE002D6DC0 /* Frameworks */,
				CECB825E248D52CE002D6DC0 /* Resources */,
			);
			buildRules = (
			);
			dependencies = (
				CECB8262248D52CE002D6DC0 /* PBXTargetDependency */,
			);
			name = RedditDemoTests;
			productName = RedditDemoTests;
			productReference = CECB8260248D52CE002D6DC0 /* RedditDemoTests.xctest */;
			productType = "com.apple.product-type.bundle.unit-test";
		};
/* End PBXNativeTarget section */

/* Begin PBXProject section */
		CECB8242248D52CD002D6DC0 /* Project object */ = {
			isa = PBXProject;
			attributes = {
				LastSwiftUpdateCheck = 1150;
				LastUpgradeCheck = 1150;
				ORGANIZATIONNAME = Ayllu;
				TargetAttributes = {
					CECB8249248D52CD002D6DC0 = {
						CreatedOnToolsVersion = 11.5;
					};
					CECB825F248D52CE002D6DC0 = {
						CreatedOnToolsVersion = 11.5;
						TestTargetID = CECB8249248D52CD002D6DC0;
					};
				};
			};
			buildConfigurationList = CECB8245248D52CD002D6DC0 /* Build configuration list for PBXProject "RedditDemo" */;
			compatibilityVersion = "Xcode 9.3";
			developmentRegion = en;
			hasScannedForEncodings = 0;
			knownRegions = (
				en,
				Base,
			);
			mainGroup = CECB8241248D52CD002D6DC0;
			productRefGroup = CECB824B248D52CD002D6DC0 /* Products */;
			projectDirPath = "";
			projectRoot = "";
			targets = (
				CECB8249248D52CD002D6DC0 /* RedditDemo */,
				CECB825F248D52CE002D6DC0 /* RedditDemoTests */,
			);
		};
/* End PBXProject section */

/* Begin PBXResourcesBuildPhase section */
		CECB8248248D52CD002D6DC0 /* Resources */ = {
			isa = PBXResourcesBuildPhase;
			buildActionMask = 2147483647;
			files = (
				CECB825A248D52CE002D6DC0 /* LaunchScreen.storyboard in Resources */,
				CECB8257248D52CE002D6DC0 /* Assets.xcassets in Resources */,
			);
			runOnlyForDeploymentPostprocessing = 0;
		};
		CECB825E248D52CE002D6DC0 /* Resources */ = {
			isa = PBXResourcesBuildPhase;
			buildActionMask = 2147483647;
			files = (
			);
			runOnlyForDeploymentPostprocessing = 0;
		};
/* End PBXResourcesBuildPhase section */

/* Begin PBXSourcesBuildPhase section */
		CECB8246248D52CD002D6DC0 /* Sources */ = {
			isa = PBXSourcesBuildPhase;
			buildActionMask = 2147483647;
			files = (
				CECB8252248D52CD002D6DC0 /* ViewController.swift in Sources */,
				CECB8283248D568C002D6DC0 /* PostLDetailViewController.swift in Sources */,
				CECB828D248D56EF002D6DC0 /* InteractorInterface.swift in Sources */,
				CECB8278248D5679002D6DC0 /* PostListPresenter.swift in Sources */,
				CECB8290248D56EF002D6DC0 /* BaseWireframe.swift in Sources */,
				CECB8282248D568C002D6DC0 /* PostLDetailPresenter.swift in Sources */,
				CECB8292248D56EF002D6DC0 /* ViewInterface.swift in Sources */,
				CECB8277248D5679002D6DC0 /* PostListInterfaces.swift in Sources */,
				CECB824E248D52CD002D6DC0 /* AppDelegate.swift in Sources */,
				CECB829B248D5C63002D6DC0 /* NetworkClientResource.swift in Sources */,
				CECB8291248D56EF002D6DC0 /* PresenterInterface.swift in Sources */,
				CECB828F248D56EF002D6DC0 /* FormatterInterface.swift in Sources */,
				CECB8279248D5679002D6DC0 /* PostListViewController.swift in Sources */,
				CECB829E248D5DF6002D6DC0 /* URLRequest+NetworkClient.Resource.swift in Sources */,
				CECB8299248D5B8A002D6DC0 /* RedditClient.swift in Sources */,
				CECB827A248D5679002D6DC0 /* PostListInteractor.swift in Sources */,
				CECB82A2248D6078002D6DC0 /* RedditDataWrapper.swift in Sources */,
				CECB8295248D582F002D6DC0 /* RedditNavigationController.swift in Sources */,
				CECB827B248D5679002D6DC0 /* PostListWireframe.swift in Sources */,
				CECB8281248D568C002D6DC0 /* PostLDetailInterfaces.swift in Sources */,
				CECB8284248D568C002D6DC0 /* PostLDetailInteractor.swift in Sources */,
				CECB8250248D52CD002D6DC0 /* SceneDelegate.swift in Sources */,
				CECB8285248D568C002D6DC0 /* PostLDetailWireframe.swift in Sources */,
			);
			runOnlyForDeploymentPostprocessing = 0;
		};
		CECB825C248D52CE002D6DC0 /* Sources */ = {
			isa = PBXSourcesBuildPhase;
			buildActionMask = 2147483647;
			files = (
				CECB8265248D52CE002D6DC0 /* RedditDemoTests.swift in Sources */,
			);
			runOnlyForDeploymentPostprocessing = 0;
		};
/* End PBXSourcesBuildPhase section */

/* Begin PBXTargetDependency section */
		CECB8262248D52CE002D6DC0 /* PBXTargetDependency */ = {
			isa = PBXTargetDependency;
			target = CECB8249248D52CD002D6DC0 /* RedditDemo */;
			targetProxy = CECB8261248D52CE002D6DC0 /* PBXContainerItemProxy */;
		};
/* End PBXTargetDependency section */

/* Begin PBXVariantGroup section */
		CECB8258248D52CE002D6DC0 /* LaunchScreen.storyboard */ = {
			isa = PBXVariantGroup;
			children = (
				CECB8259248D52CE002D6DC0 /* Base */,
			);
			name = LaunchScreen.storyboard;
			sourceTree = "<group>";
		};
/* End PBXVariantGroup section */

/* Begin XCBuildConfiguration section */
		CECB8267248D52CE002D6DC0 /* Debug */ = {
			isa = XCBuildConfiguration;
			buildSettings = {
				ALWAYS_SEARCH_USER_PATHS = NO;
				CLANG_ANALYZER_NONNULL = YES;
				CLANG_ANALYZER_NUMBER_OBJECT_CONVERSION = YES_AGGRESSIVE;
				CLANG_CXX_LANGUAGE_STANDARD = "gnu++14";
				CLANG_CXX_LIBRARY = "libc++";
				CLANG_ENABLE_MODULES = YES;
				CLANG_ENABLE_OBJC_ARC = YES;
				CLANG_ENABLE_OBJC_WEAK = YES;
				CLANG_WARN_BLOCK_CAPTURE_AUTORELEASING = YES;
				CLANG_WARN_BOOL_CONVERSION = YES;
				CLANG_WARN_COMMA = YES;
				CLANG_WARN_CONSTANT_CONVERSION = YES;
				CLANG_WARN_DEPRECATED_OBJC_IMPLEMENTATIONS = YES;
				CLANG_WARN_DIRECT_OBJC_ISA_USAGE = YES_ERROR;
				CLANG_WARN_DOCUMENTATION_COMMENTS = YES;
				CLANG_WARN_EMPTY_BODY = YES;
				CLANG_WARN_ENUM_CONVERSION = YES;
				CLANG_WARN_INFINITE_RECURSION = YES;
				CLANG_WARN_INT_CONVERSION = YES;
				CLANG_WARN_NON_LITERAL_NULL_CONVERSION = YES;
				CLANG_WARN_OBJC_IMPLICIT_RETAIN_SELF = YES;
				CLANG_WARN_OBJC_LITERAL_CONVERSION = YES;
				CLANG_WARN_OBJC_ROOT_CLASS = YES_ERROR;
				CLANG_WARN_RANGE_LOOP_ANALYSIS = YES;
				CLANG_WARN_STRICT_PROTOTYPES = YES;
				CLANG_WARN_SUSPICIOUS_MOVE = YES;
				CLANG_WARN_UNGUARDED_AVAILABILITY = YES_AGGRESSIVE;
				CLANG_WARN_UNREACHABLE_CODE = YES;
				CLANG_WARN__DUPLICATE_METHOD_MATCH = YES;
				COPY_PHASE_STRIP = NO;
				DEBUG_INFORMATION_FORMAT = dwarf;
				ENABLE_STRICT_OBJC_MSGSEND = YES;
				ENABLE_TESTABILITY = YES;
				GCC_C_LANGUAGE_STANDARD = gnu11;
				GCC_DYNAMIC_NO_PIC = NO;
				GCC_NO_COMMON_BLOCKS = YES;
				GCC_OPTIMIZATION_LEVEL = 0;
				GCC_PREPROCESSOR_DEFINITIONS = (
					"DEBUG=1",
					"$(inherited)",
				);
				GCC_WARN_64_TO_32_BIT_CONVERSION = YES;
				GCC_WARN_ABOUT_RETURN_TYPE = YES_ERROR;
				GCC_WARN_UNDECLARED_SELECTOR = YES;
				GCC_WARN_UNINITIALIZED_AUTOS = YES_AGGRESSIVE;
				GCC_WARN_UNUSED_FUNCTION = YES;
				GCC_WARN_UNUSED_VARIABLE = YES;
				IPHONEOS_DEPLOYMENT_TARGET = 13.5;
				MTL_ENABLE_DEBUG_INFO = INCLUDE_SOURCE;
				MTL_FAST_MATH = YES;
				ONLY_ACTIVE_ARCH = YES;
				SDKROOT = iphoneos;
				SWIFT_ACTIVE_COMPILATION_CONDITIONS = DEBUG;
				SWIFT_OPTIMIZATION_LEVEL = "-Onone";
			};
			name = Debug;
		};
		CECB8268248D52CE002D6DC0 /* Release */ = {
			isa = XCBuildConfiguration;
			buildSettings = {
				ALWAYS_SEARCH_USER_PATHS = NO;
				CLANG_ANALYZER_NONNULL = YES;
				CLANG_ANALYZER_NUMBER_OBJECT_CONVERSION = YES_AGGRESSIVE;
				CLANG_CXX_LANGUAGE_STANDARD = "gnu++14";
				CLANG_CXX_LIBRARY = "libc++";
				CLANG_ENABLE_MODULES = YES;
				CLANG_ENABLE_OBJC_ARC = YES;
				CLANG_ENABLE_OBJC_WEAK = YES;
				CLANG_WARN_BLOCK_CAPTURE_AUTORELEASING = YES;
				CLANG_WARN_BOOL_CONVERSION = YES;
				CLANG_WARN_COMMA = YES;
				CLANG_WARN_CONSTANT_CONVERSION = YES;
				CLANG_WARN_DEPRECATED_OBJC_IMPLEMENTATIONS = YES;
				CLANG_WARN_DIRECT_OBJC_ISA_USAGE = YES_ERROR;
				CLANG_WARN_DOCUMENTATION_COMMENTS = YES;
				CLANG_WARN_EMPTY_BODY = YES;
				CLANG_WARN_ENUM_CONVERSION = YES;
				CLANG_WARN_INFINITE_RECURSION = YES;
				CLANG_WARN_INT_CONVERSION = YES;
				CLANG_WARN_NON_LITERAL_NULL_CONVERSION = YES;
				CLANG_WARN_OBJC_IMPLICIT_RETAIN_SELF = YES;
				CLANG_WARN_OBJC_LITERAL_CONVERSION = YES;
				CLANG_WARN_OBJC_ROOT_CLASS = YES_ERROR;
				CLANG_WARN_RANGE_LOOP_ANALYSIS = YES;
				CLANG_WARN_STRICT_PROTOTYPES = YES;
				CLANG_WARN_SUSPICIOUS_MOVE = YES;
				CLANG_WARN_UNGUARDED_AVAILABILITY = YES_AGGRESSIVE;
				CLANG_WARN_UNREACHABLE_CODE = YES;
				CLANG_WARN__DUPLICATE_METHOD_MATCH = YES;
				COPY_PHASE_STRIP = NO;
				DEBUG_INFORMATION_FORMAT = "dwarf-with-dsym";
				ENABLE_NS_ASSERTIONS = NO;
				ENABLE_STRICT_OBJC_MSGSEND = YES;
				GCC_C_LANGUAGE_STANDARD = gnu11;
				GCC_NO_COMMON_BLOCKS = YES;
				GCC_WARN_64_TO_32_BIT_CONVERSION = YES;
				GCC_WARN_ABOUT_RETURN_TYPE = YES_ERROR;
				GCC_WARN_UNDECLARED_SELECTOR = YES;
				GCC_WARN_UNINITIALIZED_AUTOS = YES_AGGRESSIVE;
				GCC_WARN_UNUSED_FUNCTION = YES;
				GCC_WARN_UNUSED_VARIABLE = YES;
				IPHONEOS_DEPLOYMENT_TARGET = 13.5;
				MTL_ENABLE_DEBUG_INFO = NO;
				MTL_FAST_MATH = YES;
				SDKROOT = iphoneos;
				SWIFT_COMPILATION_MODE = wholemodule;
				SWIFT_OPTIMIZATION_LEVEL = "-O";
				VALIDATE_PRODUCT = YES;
			};
			name = Release;
		};
		CECB826A248D52CE002D6DC0 /* Debug */ = {
			isa = XCBuildConfiguration;
			buildSettings = {
				ASSETCATALOG_COMPILER_APPICON_NAME = AppIcon;
				CODE_SIGN_STYLE = Automatic;
				DEVELOPMENT_TEAM = 9NXU2JVB26;
				INFOPLIST_FILE = RedditDemo/Info.plist;
				LD_RUNPATH_SEARCH_PATHS = (
					"$(inherited)",
					"@executable_path/Frameworks",
				);
				PRODUCT_BUNDLE_IDENTIFIER = tech.ayllu.RedditDemo;
				PRODUCT_NAME = "$(TARGET_NAME)";
				SWIFT_VERSION = 5.0;
				TARGETED_DEVICE_FAMILY = "1,2";
			};
			name = Debug;
		};
		CECB826B248D52CE002D6DC0 /* Release */ = {
			isa = XCBuildConfiguration;
			buildSettings = {
				ASSETCATALOG_COMPILER_APPICON_NAME = AppIcon;
				CODE_SIGN_STYLE = Automatic;
				DEVELOPMENT_TEAM = 9NXU2JVB26;
				INFOPLIST_FILE = RedditDemo/Info.plist;
				LD_RUNPATH_SEARCH_PATHS = (
					"$(inherited)",
					"@executable_path/Frameworks",
				);
				PRODUCT_BUNDLE_IDENTIFIER = tech.ayllu.RedditDemo;
				PRODUCT_NAME = "$(TARGET_NAME)";
				SWIFT_VERSION = 5.0;
				TARGETED_DEVICE_FAMILY = "1,2";
			};
			name = Release;
		};
		CECB826D248D52CE002D6DC0 /* Debug */ = {
			isa = XCBuildConfiguration;
			buildSettings = {
				ALWAYS_EMBED_SWIFT_STANDARD_LIBRARIES = YES;
				BUNDLE_LOADER = "$(TEST_HOST)";
				CODE_SIGN_STYLE = Automatic;
				DEVELOPMENT_TEAM = 9NXU2JVB26;
				INFOPLIST_FILE = RedditDemoTests/Info.plist;
				IPHONEOS_DEPLOYMENT_TARGET = 13.5;
				LD_RUNPATH_SEARCH_PATHS = (
					"$(inherited)",
					"@executable_path/Frameworks",
					"@loader_path/Frameworks",
				);
				PRODUCT_BUNDLE_IDENTIFIER = tech.ayllu.RedditDemoTests;
				PRODUCT_NAME = "$(TARGET_NAME)";
				SWIFT_VERSION = 5.0;
				TARGETED_DEVICE_FAMILY = "1,2";
				TEST_HOST = "$(BUILT_PRODUCTS_DIR)/RedditDemo.app/RedditDemo";
			};
			name = Debug;
		};
		CECB826E248D52CE002D6DC0 /* Release */ = {
			isa = XCBuildConfiguration;
			buildSettings = {
				ALWAYS_EMBED_SWIFT_STANDARD_LIBRARIES = YES;
				BUNDLE_LOADER = "$(TEST_HOST)";
				CODE_SIGN_STYLE = Automatic;
				DEVELOPMENT_TEAM = 9NXU2JVB26;
				INFOPLIST_FILE = RedditDemoTests/Info.plist;
				IPHONEOS_DEPLOYMENT_TARGET = 13.5;
				LD_RUNPATH_SEARCH_PATHS = (
					"$(inherited)",
					"@executable_path/Frameworks",
					"@loader_path/Frameworks",
				);
				PRODUCT_BUNDLE_IDENTIFIER = tech.ayllu.RedditDemoTests;
				PRODUCT_NAME = "$(TARGET_NAME)";
				SWIFT_VERSION = 5.0;
				TARGETED_DEVICE_FAMILY = "1,2";
				TEST_HOST = "$(BUILT_PRODUCTS_DIR)/RedditDemo.app/RedditDemo";
			};
			name = Release;
		};
/* End XCBuildConfiguration section */

/* Begin XCConfigurationList section */
		CECB8245248D52CD002D6DC0 /* Build configuration list for PBXProject "RedditDemo" */ = {
			isa = XCConfigurationList;
			buildConfigurations = (
				CECB8267248D52CE002D6DC0 /* Debug */,
				CECB8268248D52CE002D6DC0 /* Release */,
			);
			defaultConfigurationIsVisible = 0;
			defaultConfigurationName = Release;
		};
		CECB8269248D52CE002D6DC0 /* Build configuration list for PBXNativeTarget "RedditDemo" */ = {
			isa = XCConfigurationList;
			buildConfigurations = (
				CECB826A248D52CE002D6DC0 /* Debug */,
				CECB826B248D52CE002D6DC0 /* Release */,
			);
			defaultConfigurationIsVisible = 0;
			defaultConfigurationName = Release;
		};
		CECB826C248D52CE002D6DC0 /* Build configuration list for PBXNativeTarget "RedditDemoTests" */ = {
			isa = XCConfigurationList;
			buildConfigurations = (
				CECB826D248D52CE002D6DC0 /* Debug */,
				CECB826E248D52CE002D6DC0 /* Release */,
			);
			defaultConfigurationIsVisible = 0;
			defaultConfigurationName = Release;
		};
/* End XCConfigurationList section */
	};
	rootObject = CECB8242248D52CD002D6DC0 /* Project object */;
}
